
Microsoft Visual Studio Solution File, Format Version 12.00
# Visual Studio Version 16
VisualStudioVersion = 16.0.31205.134
MinimumVisualStudioVersion = 10.0.40219.1
Project("{FAE04EC0-301F-11D3-BF4B-00C04F79EFBC}") = "LotteryNumbersGenerator", "LotteryNumbersGenerator.csproj", "{6F1269C2-8BF1-47BA-8A09-3964A1CCC783}"
EndProject
Project("{FAE04EC0-301F-11D3-BF4B-00C04F79EFBC}") = "LotteryRandomNumbers.Tests", "..\LotteryRandomNumbers.Tests\LotteryRandomNumbers.Tests.csproj", "{523F5E9F-DA51-4C2D-8206-69C81C1B6346}"
EndProject
Global
	GlobalSection(SolutionConfigurationPlatforms) = preSolution
		Debug|Any CPU = Debug|Any CPU
		Release|Any CPU = Release|Any CPU
	EndGlobalSection
	GlobalSection(ProjectConfigurationPlatforms) = postSolution
		{6F1269C2-8BF1-47BA-8A09-3964A1CCC783}.Debug|Any CPU.ActiveCfg = Debug|Any CPU
		{6F1269C2-8BF1-47BA-8A09-3964A1CCC783}.Debug|Any CPU.Build.0 = Debug|Any CPU
		{6F1269C2-8BF1-47BA-8A09-3964A1CCC783}.Release|Any CPU.ActiveCfg = Release|Any CPU
		{6F1269C2-8BF1-47BA-8A09-3964A1CCC783}.Release|Any CPU.Build.0 = Release|Any CPU
		{523F5E9F-DA51-4C2D-8206-69C81C1B6346}.Debug|Any CPU.ActiveCfg = Debug|Any CPU
		{523F5E9F-DA51-4C2D-8206-69C81C1B6346}.Debug|Any CPU.Build.0 = Debug|Any CPU
		{523F5E9F-DA51-4C2D-8206-69C81C1B6346}.Release|Any CPU.ActiveCfg = Release|Any CPU
		{523F5E9F-DA51-4C2D-8206-69C81C1B6346}.Release|Any CPU.Build.0 = Release|Any CPU
	EndGlobalSection
	GlobalSection(SolutionProperties) = preSolution
		HideSolutionNode = FALSE
	EndGlobalSection
	GlobalSection(ExtensibilityGlobals) = postSolution
		SolutionGuid = {02637090-DC59-4795-829E-7FED4A862AA1}
	EndGlobalSection
EndGlobal
